// !$*UTF8*$!
{
	archiveVersion = 1;
	classes = {
	};
	objectVersion = 46;
	objects = {

/* Begin PBXBuildFile section */
		523D3F5F1A6D7C0800F6749A /* GameOverScene.swift in Sources */ = {isa = PBXBuildFile; fileRef = 523D3F5E1A6D7C0800F6749A /* GameOverScene.swift */; };
		523D3F621A6DAAAE00F6749A /* bubble.png in Resources */ = {isa = PBXBuildFile; fileRef = 523D3F601A6DAAAE00F6749A /* bubble.png */; };
		523D3F631A6DAAAE00F6749A /* bubble@2x.png in Resources */ = {isa = PBXBuildFile; fileRef = 523D3F611A6DAAAE00F6749A /* bubble@2x.png */; };
		523D3F6D1A6DB21F00F6749A /* SodaBubbles.sks in Resources */ = {isa = PBXBuildFile; fileRef = 523D3F6C1A6DB21F00F6749A /* SodaBubbles.sks */; };
		523D3F6F1A6DC11D00F6749A /* deepsea.png in Resources */ = {isa = PBXBuildFile; fileRef = 523D3F6E1A6DC11D00F6749A /* deepsea.png */; };
		523D3F721A6DC6C600F6749A /* SmokeScene.sks in Resources */ = {isa = PBXBuildFile; fileRef = 523D3F701A6DC6C600F6749A /* SmokeScene.sks */; };
		523D3F731A6DC6C600F6749A /* spark.png in Resources */ = {isa = PBXBuildFile; fileRef = 523D3F711A6DC6C600F6749A /* spark.png */; };
		526437E21A66DB7200F2356E /* AppDelegate.swift in Sources */ = {isa = PBXBuildFile; fileRef = 526437E11A66DB7100F2356E /* AppDelegate.swift */; };
		526437E41A66DB7200F2356E /* GameScene.sks in Resources */ = {isa = PBXBuildFile; fileRef = 526437E31A66DB7200F2356E /* GameScene.sks */; };
		526437E61A66DB7200F2356E /* GameScene.swift in Sources */ = {isa = PBXBuildFile; fileRef = 526437E51A66DB7200F2356E /* GameScene.swift */; };
		526437E81A66DB7200F2356E /* GameViewController.swift in Sources */ = {isa = PBXBuildFile; fileRef = 526437E71A66DB7200F2356E /* GameViewController.swift */; };
		526437EB1A66DB7200F2356E /* Main.storyboard in Resources */ = {isa = PBXBuildFile; fileRef = 526437E91A66DB7200F2356E /* Main.storyboard */; };
		526437ED1A66DB7200F2356E /* Images.xcassets in Resources */ = {isa = PBXBuildFile; fileRef = 526437EC1A66DB7200F2356E /* Images.xcassets */; };
		526437F01A66DB7200F2356E /* LaunchScreen.xib in Resources */ = {isa = PBXBuildFile; fileRef = 526437EE1A66DB7200F2356E /* LaunchScreen.xib */; };
		526437FC1A66DB7200F2356E /* YellowSubTests.swift in Sources */ = {isa = PBXBuildFile; fileRef = 526437FB1A66DB7200F2356E /* YellowSubTests.swift */; };
		52C2869E1A6FDE84007FAFEC /* Constant.swift in Sources */ = {isa = PBXBuildFile; fileRef = 52C2869D1A6FDE84007FAFEC /* Constant.swift */; };
		52C286A01A6FEA30007FAFEC /* footer.png in Resources */ = {isa = PBXBuildFile; fileRef = 52C2869F1A6FEA30007FAFEC /* footer.png */; };
		52C286A41A701501007FAFEC /* coralfooter.png in Resources */ = {isa = PBXBuildFile; fileRef = 52C286A31A701501007FAFEC /* coralfooter.png */; };
		52C286AA1A705DA8007FAFEC /* jellyfish.png in Resources */ = {isa = PBXBuildFile; fileRef = 52C286A91A705DA8007FAFEC /* jellyfish.png */; };
		52C358561A70FDB7009B6975 /* coralOrangeLeft.png in Resources */ = {isa = PBXBuildFile; fileRef = 52C358541A70FDB7009B6975 /* coralOrangeLeft.png */; };
		52C358571A70FDB7009B6975 /* coralOrangeRight.png in Resources */ = {isa = PBXBuildFile; fileRef = 52C358551A70FDB7009B6975 /* coralOrangeRight.png */; };
		52C3585B1A70FDF2009B6975 /* coralRedRight.png in Resources */ = {isa = PBXBuildFile; fileRef = 52C358591A70FDF2009B6975 /* coralRedRight.png */; };
		52C3585D1A70FEE4009B6975 /* coralRedLeft.png in Resources */ = {isa = PBXBuildFile; fileRef = 52C3585C1A70FEE4009B6975 /* coralRedLeft.png */; };
		52C5AD391A725C7300A9D253 /* diver.png in Resources */ = {isa = PBXBuildFile; fileRef = 52C5AD381A725C7300A9D253 /* diver.png */; };
		52C605271A6E9E3100318C7A /* leftfish1.png in Resources */ = {isa = PBXBuildFile; fileRef = 52C605251A6E9E3100318C7A /* leftfish1.png */; };
		52C819501A6D729E0027017C /* GameOverScene.sks in Resources */ = {isa = PBXBuildFile; fileRef = 52C8194F1A6D729E0027017C /* GameOverScene.sks */; };
/* End PBXBuildFile section */

/* Begin PBXContainerItemProxy section */
		526437F61A66DB7200F2356E /* PBXContainerItemProxy */ = {
			isa = PBXContainerItemProxy;
			containerPortal = 526437D41A66DB7100F2356E /* Project object */;
			proxyType = 1;
			remoteGlobalIDString = 526437DB1A66DB7100F2356E;
			remoteInfo = YellowSub;
		};
/* End PBXContainerItemProxy section */

/* Begin PBXFileReference section */
		523D3F5E1A6D7C0800F6749A /* GameOverScene.swift */ = {isa = PBXFileReference; fileEncoding = 4; lastKnownFileType = sourcecode.swift; path = GameOverScene.swift; sourceTree = "<group>"; };
		523D3F601A6DAAAE00F6749A /* bubble.png */ = {isa = PBXFileReference; lastKnownFileType = image.png; path = bubble.png; sourceTree = "<group>"; };
		523D3F611A6DAAAE00F6749A /* bubble@2x.png */ = {isa = PBXFileReference; lastKnownFileType = image.png; path = "bubble@2x.png"; sourceTree = "<group>"; };
		523D3F6C1A6DB21F00F6749A /* SodaBubbles.sks */ = {isa = PBXFileReference; lastKnownFileType = file.sks; path = SodaBubbles.sks; sourceTree = "<group>"; };
		523D3F6E1A6DC11D00F6749A /* deepsea.png */ = {isa = PBXFileReference; lastKnownFileType = image.png; path = deepsea.png; sourceTree = "<group>"; };
		523D3F701A6DC6C600F6749A /* SmokeScene.sks */ = {isa = PBXFileReference; lastKnownFileType = file.sks; path = SmokeScene.sks; sourceTree = "<group>"; };
		523D3F711A6DC6C600F6749A /* spark.png */ = {isa = PBXFileReference; lastKnownFileType = image.png; path = spark.png; sourceTree = "<group>"; };
		526437DC1A66DB7100F2356E /* YellowSub.app */ = {isa = PBXFileReference; explicitFileType = wrapper.application; includeInIndex = 0; path = YellowSub.app; sourceTree = BUILT_PRODUCTS_DIR; };
		526437E01A66DB7100F2356E /* Info.plist */ = {isa = PBXFileReference; lastKnownFileType = text.plist.xml; path = Info.plist; sourceTree = "<group>"; };
		526437E11A66DB7100F2356E /* AppDelegate.swift */ = {isa = PBXFileReference; lastKnownFileType = sourcecode.swift; path = AppDelegate.swift; sourceTree = "<group>"; };
		526437E31A66DB7200F2356E /* GameScene.sks */ = {isa = PBXFileReference; lastKnownFileType = file.sks; path = GameScene.sks; sourceTree = "<group>"; };
		526437E51A66DB7200F2356E /* GameScene.swift */ = {isa = PBXFileReference; lastKnownFileType = sourcecode.swift; path = GameScene.swift; sourceTree = "<group>"; };
		526437E71A66DB7200F2356E /* GameViewController.swift */ = {isa = PBXFileReference; lastKnownFileType = sourcecode.swift; path = GameViewController.swift; sourceTree = "<group>"; };
		526437EA1A66DB7200F2356E /* Base */ = {isa = PBXFileReference; lastKnownFileType = file.storyboard; name = Base; path = Base.lproj/Main.storyboard; sourceTree = "<group>"; };
		526437EC1A66DB7200F2356E /* Images.xcassets */ = {isa = PBXFileReference; lastKnownFileType = folder.assetcatalog; path = Images.xcassets; sourceTree = "<group>"; };
		526437EF1A66DB7200F2356E /* Base */ = {isa = PBXFileReference; lastKnownFileType = file.xib; name = Base; path = Base.lproj/LaunchScreen.xib; sourceTree = "<group>"; };
		526437F51A66DB7200F2356E /* YellowSubTests.xctest */ = {isa = PBXFileReference; explicitFileType = wrapper.cfbundle; includeInIndex = 0; path = YellowSubTests.xctest; sourceTree = BUILT_PRODUCTS_DIR; };
		526437FA1A66DB7200F2356E /* Info.plist */ = {isa = PBXFileReference; lastKnownFileType = text.plist.xml; path = Info.plist; sourceTree = "<group>"; };
		526437FB1A66DB7200F2356E /* YellowSubTests.swift */ = {isa = PBXFileReference; lastKnownFileType = sourcecode.swift; path = YellowSubTests.swift; sourceTree = "<group>"; };
		52C2869D1A6FDE84007FAFEC /* Constant.swift */ = {isa = PBXFileReference; fileEncoding = 4; lastKnownFileType = sourcecode.swift; path = Constant.swift; sourceTree = "<group>"; };
		52C2869F1A6FEA30007FAFEC /* footer.png */ = {isa = PBXFileReference; lastKnownFileType = image.png; path = footer.png; sourceTree = "<group>"; };
		52C286A31A701501007FAFEC /* coralfooter.png */ = {isa = PBXFileReference; lastKnownFileType = image.png; path = coralfooter.png; sourceTree = "<group>"; };
		52C286A91A705DA8007FAFEC /* jellyfish.png */ = {isa = PBXFileReference; lastKnownFileType = image.png; path = jellyfish.png; sourceTree = "<group>"; };
		52C358541A70FDB7009B6975 /* coralOrangeLeft.png */ = {isa = PBXFileReference; lastKnownFileType = image.png; path = coralOrangeLeft.png; sourceTree = "<group>"; };
		52C358551A70FDB7009B6975 /* coralOrangeRight.png */ = {isa = PBXFileReference; lastKnownFileType = image.png; path = coralOrangeRight.png; sourceTree = "<group>"; };
		52C358591A70FDF2009B6975 /* coralRedRight.png */ = {isa = PBXFileReference; lastKnownFileType = image.png; path = coralRedRight.png; sourceTree = "<group>"; };
		52C3585C1A70FEE4009B6975 /* coralRedLeft.png */ = {isa = PBXFileReference; lastKnownFileType = image.png; path = coralRedLeft.png; sourceTree = "<group>"; };
		52C5AD381A725C7300A9D253 /* diver.png */ = {isa = PBXFileReference; lastKnownFileType = image.png; path = diver.png; sourceTree = "<group>"; };
		52C605251A6E9E3100318C7A /* leftfish1.png */ = {isa = PBXFileReference; lastKnownFileType = image.png; path = leftfish1.png; sourceTree = "<group>"; };
		52C8194F1A6D729E0027017C /* GameOverScene.sks */ = {isa = PBXFileReference; lastKnownFileType = file.sks; path = GameOverScene.sks; sourceTree = "<group>"; };
/* End PBXFileReference section */

/* Begin PBXFrameworksBuildPhase section */
		526437D91A66DB7100F2356E /* Frameworks */ = {
			isa = PBXFrameworksBuildPhase;
			buildActionMask = 2147483647;
			files = (
			);
			runOnlyForDeploymentPostprocessing = 0;
		};
		526437F21A66DB7200F2356E /* Frameworks */ = {
			isa = PBXFrameworksBuildPhase;
			buildActionMask = 2147483647;
			files = (
			);
			runOnlyForDeploymentPostprocessing = 0;
		};
/* End PBXFrameworksBuildPhase section */

/* Begin PBXGroup section */
		526437D31A66DB7100F2356E = {
			isa = PBXGroup;
			children = (
				526437DE1A66DB7100F2356E /* YellowSub */,
				526437F81A66DB7200F2356E /* YellowSubTests */,
				526437DD1A66DB7100F2356E /* Products */,
			);
			sourceTree = "<group>";
		};
		526437DD1A66DB7100F2356E /* Products */ = {
			isa = PBXGroup;
			children = (
				526437DC1A66DB7100F2356E /* YellowSub.app */,
				526437F51A66DB7200F2356E /* YellowSubTests.xctest */,
			);
			name = Products;
			sourceTree = "<group>";
		};
		526437DE1A66DB7100F2356E /* YellowSub */ = {
			isa = PBXGroup;
			children = (
				526437E11A66DB7100F2356E /* AppDelegate.swift */,
				526437EE1A66DB7200F2356E /* LaunchScreen.xib */,
				52C2869D1A6FDE84007FAFEC /* Constant.swift */,
				52C819531A6D77A80027017C /* Model */,
				52C819521A6D779A0027017C /* Controller */,
				52C819511A6D77890027017C /* View */,
				52C605291A6E9E3900318C7A /* Images */,
				526437DF1A66DB7100F2356E /* Supporting Files */,
			);
			path = YellowSub;
			sourceTree = "<group>";
		};
		526437DF1A66DB7100F2356E /* Supporting Files */ = {
			isa = PBXGroup;
			children = (
				526437E01A66DB7100F2356E /* Info.plist */,
			);
			name = "Supporting Files";
			sourceTree = "<group>";
		};
		526437F81A66DB7200F2356E /* YellowSubTests */ = {
			isa = PBXGroup;
			children = (
				526437FB1A66DB7200F2356E /* YellowSubTests.swift */,
				526437F91A66DB7200F2356E /* Supporting Files */,
			);
			path = YellowSubTests;
			sourceTree = "<group>";
		};
		526437F91A66DB7200F2356E /* Supporting Files */ = {
			isa = PBXGroup;
			children = (
				526437FA1A66DB7200F2356E /* Info.plist */,
			);
			name = "Supporting Files";
			sourceTree = "<group>";
		};
		52C605291A6E9E3900318C7A /* Images */ = {
			isa = PBXGroup;
			children = (
				52C5AD381A725C7300A9D253 /* diver.png */,
				52C3585C1A70FEE4009B6975 /* coralRedLeft.png */,
				52C358591A70FDF2009B6975 /* coralRedRight.png */,
				52C358541A70FDB7009B6975 /* coralOrangeLeft.png */,
				52C358551A70FDB7009B6975 /* coralOrangeRight.png */,
				52C286A91A705DA8007FAFEC /* jellyfish.png */,
				52C286A31A701501007FAFEC /* coralfooter.png */,
				52C2869F1A6FEA30007FAFEC /* footer.png */,
				523D3F711A6DC6C600F6749A /* spark.png */,
				523D3F601A6DAAAE00F6749A /* bubble.png */,
				523D3F611A6DAAAE00F6749A /* bubble@2x.png */,
				526437EC1A66DB7200F2356E /* Images.xcassets */,
				52C605251A6E9E3100318C7A /* leftfish1.png */,
				523D3F6E1A6DC11D00F6749A /* deepsea.png */,
			);
			name = Images;
			sourceTree = "<group>";
		};
		52C819511A6D77890027017C /* View */ = {
			isa = PBXGroup;
			children = (
				523D3F6C1A6DB21F00F6749A /* SodaBubbles.sks */,
				526437E51A66DB7200F2356E /* GameScene.swift */,
				523D3F5E1A6D7C0800F6749A /* GameOverScene.swift */,
				523D3F701A6DC6C600F6749A /* SmokeScene.sks */,
				52C8194F1A6D729E0027017C /* GameOverScene.sks */,
				526437E31A66DB7200F2356E /* GameScene.sks */,
				526437E91A66DB7200F2356E /* Main.storyboard */,
			);
			name = View;
			sourceTree = "<group>";
		};
		52C819521A6D779A0027017C /* Controller */ = {
			isa = PBXGroup;
			children = (
				526437E71A66DB7200F2356E /* GameViewController.swift */,
			);
			name = Controller;
			sourceTree = "<group>";
		};
		52C819531A6D77A80027017C /* Model */ = {
			isa = PBXGroup;
			children = (
			);
			name = Model;
			sourceTree = "<group>";
		};
/* End PBXGroup section */

/* Begin PBXNativeTarget section */
		526437DB1A66DB7100F2356E /* YellowSub */ = {
			isa = PBXNativeTarget;
			buildConfigurationList = 526437FF1A66DB7200F2356E /* Build configuration list for PBXNativeTarget "YellowSub" */;
			buildPhases = (
				526437D81A66DB7100F2356E /* Sources */,
				526437D91A66DB7100F2356E /* Frameworks */,
				526437DA1A66DB7100F2356E /* Resources */,
			);
			buildRules = (
			);
			dependencies = (
			);
			name = YellowSub;
			productName = YellowSub;
			productReference = 526437DC1A66DB7100F2356E /* YellowSub.app */;
			productType = "com.apple.product-type.application";
		};
		526437F41A66DB7200F2356E /* YellowSubTests */ = {
			isa = PBXNativeTarget;
			buildConfigurationList = 526438021A66DB7200F2356E /* Build configuration list for PBXNativeTarget "YellowSubTests" */;
			buildPhases = (
				526437F11A66DB7200F2356E /* Sources */,
				526437F21A66DB7200F2356E /* Frameworks */,
				526437F31A66DB7200F2356E /* Resources */,
			);
			buildRules = (
			);
			dependencies = (
				526437F71A66DB7200F2356E /* PBXTargetDependency */,
			);
			name = YellowSubTests;
			productName = YellowSubTests;
			productReference = 526437F51A66DB7200F2356E /* YellowSubTests.xctest */;
			productType = "com.apple.product-type.bundle.unit-test";
		};
/* End PBXNativeTarget section */

/* Begin PBXProject section */
		526437D41A66DB7100F2356E /* Project object */ = {
			isa = PBXProject;
			attributes = {
				LastUpgradeCheck = 0610;
				ORGANIZATIONNAME = "sam wong";
				TargetAttributes = {
					526437DB1A66DB7100F2356E = {
						CreatedOnToolsVersion = 6.1.1;
					};
					526437F41A66DB7200F2356E = {
						CreatedOnToolsVersion = 6.1.1;
						TestTargetID = 526437DB1A66DB7100F2356E;
					};
				};
			};
			buildConfigurationList = 526437D71A66DB7100F2356E /* Build configuration list for PBXProject "YellowSub" */;
			compatibilityVersion = "Xcode 3.2";
			developmentRegion = English;
			hasScannedForEncodings = 0;
			knownRegions = (
				en,
				Base,
			);
			mainGroup = 526437D31A66DB7100F2356E;
			productRefGroup = 526437DD1A66DB7100F2356E /* Products */;
			projectDirPath = "";
			projectRoot = "";
			targets = (
				526437DB1A66DB7100F2356E /* YellowSub */,
				526437F41A66DB7200F2356E /* YellowSubTests */,
			);
		};
/* End PBXProject section */

/* Begin PBXResourcesBuildPhase section */
		526437DA1A66DB7100F2356E /* Resources */ = {
			isa = PBXResourcesBuildPhase;
			buildActionMask = 2147483647;
			files = (
				523D3F731A6DC6C600F6749A /* spark.png in Resources */,
				526437F01A66DB7200F2356E /* LaunchScreen.xib in Resources */,
				52C3585B1A70FDF2009B6975 /* coralRedRight.png in Resources */,
				526437ED1A66DB7200F2356E /* Images.xcassets in Resources */,
				52C605271A6E9E3100318C7A /* leftfish1.png in Resources */,
				52C286A01A6FEA30007FAFEC /* footer.png in Resources */,
				523D3F631A6DAAAE00F6749A /* bubble@2x.png in Resources */,
				523D3F721A6DC6C600F6749A /* SmokeScene.sks in Resources */,
				52C358561A70FDB7009B6975 /* coralOrangeLeft.png in Resources */,
				523D3F6D1A6DB21F00F6749A /* SodaBubbles.sks in Resources */,
				526437E41A66DB7200F2356E /* GameScene.sks in Resources */,
				52C819501A6D729E0027017C /* GameOverScene.sks in Resources */,
				52C286AA1A705DA8007FAFEC /* jellyfish.png in Resources */,
				526437EB1A66DB7200F2356E /* Main.storyboard in Resources */,
				52C5AD391A725C7300A9D253 /* diver.png in Resources */,
				52C3585D1A70FEE4009B6975 /* coralRedLeft.png in Resources */,
				523D3F621A6DAAAE00F6749A /* bubble.png in Resources */,
				52C286A41A701501007FAFEC /* coralfooter.png in Resources */,
				523D3F6F1A6DC11D00F6749A /* deepsea.png in Resources */,
				52C358571A70FDB7009B6975 /* coralOrangeRight.png in Resources */,
			);
			runOnlyForDeploymentPostprocessing = 0;
		};
		526437F31A66DB7200F2356E /* Resources */ = {
			isa = PBXResourcesBuildPhase;
			buildActionMask = 2147483647;
			files = (
			);
			runOnlyForDeploymentPostprocessing = 0;
		};
/* End PBXResourcesBuildPhase section */

/* Begin PBXSourcesBuildPhase section */
		526437D81A66DB7100F2356E /* Sources */ = {
			isa = PBXSourcesBuildPhase;
			buildActionMask = 2147483647;
			files = (
				523D3F5F1A6D7C0800F6749A /* GameOverScene.swift in Sources */,
				526437E61A66DB7200F2356E /* GameScene.swift in Sources */,
				52C2869E1A6FDE84007FAFEC /* Constant.swift in Sources */,
				526437E81A66DB7200F2356E /* GameViewController.swift in Sources */,
				526437E21A66DB7200F2356E /* AppDelegate.swift in Sources */,
			);
			runOnlyForDeploymentPostprocessing = 0;
		};
		526437F11A66DB7200F2356E /* Sources */ = {
			isa = PBXSourcesBuildPhase;
			buildActionMask = 2147483647;
			files = (
				526437FC1A66DB7200F2356E /* YellowSubTests.swift in Sources */,
			);
			runOnlyForDeploymentPostprocessing = 0;
		};
/* End PBXSourcesBuildPhase section */

/* Begin PBXTargetDependency section */
		526437F71A66DB7200F2356E /* PBXTargetDependency */ = {
			isa = PBXTargetDependency;
			target = 526437DB1A66DB7100F2356E /* YellowSub */;
			targetProxy = 526437F61A66DB7200F2356E /* PBXContainerItemProxy */;
		};
/* End PBXTargetDependency section */

/* Begin PBXVariantGroup section */
		526437E91A66DB7200F2356E /* Main.storyboard */ = {
			isa = PBXVariantGroup;
			children = (
				526437EA1A66DB7200F2356E /* Base */,
			);
			name = Main.storyboard;
			sourceTree = "<group>";
		};
		526437EE1A66DB7200F2356E /* LaunchScreen.xib */ = {
			isa = PBXVariantGroup;
			children = (
				526437EF1A66DB7200F2356E /* Base */,
			);
			name = LaunchScreen.xib;
			sourceTree = "<group>";
		};
/* End PBXVariantGroup section */

/* Begin XCBuildConfiguration section */
		526437FD1A66DB7200F2356E /* Debug */ = {
			isa = XCBuildConfiguration;
			buildSettings = {
				ALWAYS_SEARCH_USER_PATHS = NO;
				CLANG_CXX_LANGUAGE_STANDARD = "gnu++0x";
				CLANG_CXX_LIBRARY = "libc++";
				CLANG_ENABLE_MODULES = YES;
				CLANG_ENABLE_OBJC_ARC = YES;
				CLANG_WARN_BOOL_CONVERSION = YES;
				CLANG_WARN_CONSTANT_CONVERSION = YES;
				CLANG_WARN_DIRECT_OBJC_ISA_USAGE = YES_ERROR;
				CLANG_WARN_EMPTY_BODY = YES;
				CLANG_WARN_ENUM_CONVERSION = YES;
				CLANG_WARN_INT_CONVERSION = YES;
				CLANG_WARN_OBJC_ROOT_CLASS = YES_ERROR;
				CLANG_WARN_UNREACHABLE_CODE = YES;
				CLANG_WARN__DUPLICATE_METHOD_MATCH = YES;
				"CODE_SIGN_IDENTITY[sdk=iphoneos*]" = "iPhone Developer";
				COPY_PHASE_STRIP = NO;
				ENABLE_STRICT_OBJC_MSGSEND = YES;
				GCC_C_LANGUAGE_STANDARD = gnu99;
				GCC_DYNAMIC_NO_PIC = NO;
				GCC_OPTIMIZATION_LEVEL = 0;
				GCC_PREPROCESSOR_DEFINITIONS = (
					"DEBUG=1",
					"$(inherited)",
				);
				GCC_SYMBOLS_PRIVATE_EXTERN = NO;
				GCC_WARN_64_TO_32_BIT_CONVERSION = YES;
				GCC_WARN_ABOUT_RETURN_TYPE = YES_ERROR;
				GCC_WARN_UNDECLARED_SELECTOR = YES;
				GCC_WARN_UNINITIALIZED_AUTOS = YES_AGGRESSIVE;
				GCC_WARN_UNUSED_FUNCTION = YES;
				GCC_WARN_UNUSED_VARIABLE = YES;
				IPHONEOS_DEPLOYMENT_TARGET = 8.1;
				MTL_ENABLE_DEBUG_INFO = YES;
				ONLY_ACTIVE_ARCH = YES;
				SDKROOT = iphoneos;
				SWIFT_OPTIMIZATION_LEVEL = "-Onone";
			};
			name = Debug;
		};
		526437FE1A66DB7200F2356E /* Release */ = {
			isa = XCBuildConfiguration;
			buildSettings = {
				ALWAYS_SEARCH_USER_PATHS = NO;
				CLANG_CXX_LANGUAGE_STANDARD = "gnu++0x";
				CLANG_CXX_LIBRARY = "libc++";
				CLANG_ENABLE_MODULES = YES;
				CLANG_ENABLE_OBJC_ARC = YES;
				CLANG_WARN_BOOL_CONVERSION = YES;
				CLANG_WARN_CONSTANT_CONVERSION = YES;
				CLANG_WARN_DIRECT_OBJC_ISA_USAGE = YES_ERROR;
				CLANG_WARN_EMPTY_BODY = YES;
				CLANG_WARN_ENUM_CONVERSION = YES;
				CLANG_WARN_INT_CONVERSION = YES;
				CLANG_WARN_OBJC_ROOT_CLASS = YES_ERROR;
				CLANG_WARN_UNREACHABLE_CODE = YES;
				CLANG_WARN__DUPLICATE_METHOD_MATCH = YES;
				"CODE_SIGN_IDENTITY[sdk=iphoneos*]" = "iPhone Developer";
				COPY_PHASE_STRIP = YES;
				ENABLE_NS_ASSERTIONS = NO;
				ENABLE_STRICT_OBJC_MSGSEND = YES;
				GCC_C_LANGUAGE_STANDARD = gnu99;
				GCC_WARN_64_TO_32_BIT_CONVERSION = YES;
				GCC_WARN_ABOUT_RETURN_TYPE = YES_ERROR;
				GCC_WARN_UNDECLARED_SELECTOR = YES;
				GCC_WARN_UNINITIALIZED_AUTOS = YES_AGGRESSIVE;
				GCC_WARN_UNUSED_FUNCTION = YES;
				GCC_WARN_UNUSED_VARIABLE = YES;
				IPHONEOS_DEPLOYMENT_TARGET = 8.1;
				MTL_ENABLE_DEBUG_INFO = NO;
				SDKROOT = iphoneos;
				VALIDATE_PRODUCT = YES;
			};
			name = Release;
		};
		526438001A66DB7200F2356E /* Debug */ = {
			isa = XCBuildConfiguration;
			buildSettings = {
				ASSETCATALOG_COMPILER_APPICON_NAME = AppIcon;
				INFOPLIST_FILE = YellowSub/Info.plist;
				LD_RUNPATH_SEARCH_PATHS = "$(inherited) @executable_path/Frameworks";
				PRODUCT_NAME = "$(TARGET_NAME)";
				SWIFT_OBJC_BRIDGING_HEADER = "";
			};
			name = Debug;
		};
		526438011A66DB7200F2356E /* Release */ = {
			isa = XCBuildConfiguration;
			buildSettings = {
				ASSETCATALOG_COMPILER_APPICON_NAME = AppIcon;
				INFOPLIST_FILE = YellowSub/Info.plist;
				LD_RUNPATH_SEARCH_PATHS = "$(inherited) @executable_path/Frameworks";
				PRODUCT_NAME = "$(TARGET_NAME)";
				SWIFT_OBJC_BRIDGING_HEADER = "";
			};
			name = Release;
		};
		526438031A66DB7200F2356E /* Debug */ = {
			isa = XCBuildConfiguration;
			buildSettings = {
				BUNDLE_LOADER = "$(TEST_HOST)";
				FRAMEWORK_SEARCH_PATHS = (
					"$(SDKROOT)/Developer/Library/Frameworks",
					"$(inherited)",
				);
				GCC_PREPROCESSOR_DEFINITIONS = (
					"DEBUG=1",
					"$(inherited)",
				);
				INFOPLIST_FILE = YellowSubTests/Info.plist;
				LD_RUNPATH_SEARCH_PATHS = "$(inherited) @executable_path/Frameworks @loader_path/Frameworks";
				PRODUCT_NAME = "$(TARGET_NAME)";
				TEST_HOST = "$(BUILT_PRODUCTS_DIR)/YellowSub.app/YellowSub";
			};
			name = Debug;
		};
		526438041A66DB7200F2356E /* Release */ = {
			isa = XCBuildConfiguration;
			buildSettings = {
				BUNDLE_LOADER = "$(TEST_HOST)";
				FRAMEWORK_SEARCH_PATHS = (
					"$(SDKROOT)/Developer/Library/Frameworks",
					"$(inherited)",
				);
				INFOPLIST_FILE = YellowSubTests/Info.plist;
				LD_RUNPATH_SEARCH_PATHS = "$(inherited) @executable_path/Frameworks @loader_path/Frameworks";
				PRODUCT_NAME = "$(TARGET_NAME)";
				TEST_HOST = "$(BUILT_PRODUCTS_DIR)/YellowSub.app/YellowSub";
			};
			name = Release;
		};
/* End XCBuildConfiguration section */

/* Begin XCConfigurationList section */
		526437D71A66DB7100F2356E /* Build configuration list for PBXProject "YellowSub" */ = {
			isa = XCConfigurationList;
			buildConfigurations = (
				526437FD1A66DB7200F2356E /* Debug */,
				526437FE1A66DB7200F2356E /* Release */,
			);
			defaultConfigurationIsVisible = 0;
			defaultConfigurationName = Release;
		};
		526437FF1A66DB7200F2356E /* Build configuration list for PBXNativeTarget "YellowSub" */ = {
			isa = XCConfigurationList;
			buildConfigurations = (
				526438001A66DB7200F2356E /* Debug */,
				526438011A66DB7200F2356E /* Release */,
			);
			defaultConfigurationIsVisible = 0;
			defaultConfigurationName = Release;
		};
		526438021A66DB7200F2356E /* Build configuration list for PBXNativeTarget "YellowSubTests" */ = {
			isa = XCConfigurationList;
			buildConfigurations = (
				526438031A66DB7200F2356E /* Debug */,
				526438041A66DB7200F2356E /* Release */,
			);
			defaultConfigurationIsVisible = 0;
			defaultConfigurationName = Release;
		};
/* End XCConfigurationList section */
	};
	rootObject = 526437D41A66DB7100F2356E /* Project object */;
}
